
Microsoft Visual Studio Solution File, Format Version 12.00
# Visual Studio 15
VisualStudioVersion = 15.0.27428.2037
MinimumVisualStudioVersion = 10.0.40219.1
Project("{FAE04EC0-301F-11D3-BF4B-00C04F79EFBC}") = "IndustryCodes", "IndustryCodes\IndustryCodes.csproj", "{006E8E1C-6C98-4CF3-97EC-3709969F61AD}"
EndProject
Project("{9A19103F-16F7-4668-BE54-9A1E7A4F7556}") = "IndustryCodes.Utility", "IndustryCodes.Utility\IndustryCodes.Utility.csproj", "{E726F722-7F38-4EE5-B47C-D0315A7E8235}"
EndProject
Global
	GlobalSection(SolutionConfigurationPlatforms) = preSolution
		Debug|Any CPU = Debug|Any CPU
		Release|Any CPU = Release|Any CPU
	EndGlobalSection
	GlobalSection(ProjectConfigurationPlatforms) = postSolution
		{006E8E1C-6C98-4CF3-97EC-3709969F61AD}.Debug|Any CPU.ActiveCfg = Debug|Any CPU
		{006E8E1C-6C98-4CF3-97EC-3709969F61AD}.Debug|Any CPU.Build.0 = Debug|Any CPU
		{006E8E1C-6C98-4CF3-97EC-3709969F61AD}.Release|Any CPU.ActiveCfg = Release|Any CPU
		{006E8E1C-6C98-4CF3-97EC-3709969F61AD}.Release|Any CPU.Build.0 = Release|Any CPU
		{E726F722-7F38-4EE5-B47C-D0315A7E8235}.Debug|Any CPU.ActiveCfg = Debug|Any CPU
		{E726F722-7F38-4EE5-B47C-D0315A7E8235}.Debug|Any CPU.Build.0 = Debug|Any CPU
		{E726F722-7F38-4EE5-B47C-D0315A7E8235}.Release|Any CPU.ActiveCfg = Release|Any CPU
		{E726F722-7F38-4EE5-B47C-D0315A7E8235}.Release|Any CPU.Build.0 = Release|Any CPU
	EndGlobalSection
	GlobalSection(SolutionProperties) = preSolution
		HideSolutionNode = FALSE
	EndGlobalSection
	GlobalSection(ExtensibilityGlobals) = postSolution
		SolutionGuid = {5603571B-3661-4727-A160-BB2264396618}
	EndGlobalSection
EndGlobal
