
Microsoft Visual Studio Solution File, Format Version 12.00
# Visual Studio 15
VisualStudioVersion = 15.0.27428.2037
MinimumVisualStudioVersion = 10.0.40219.1
Project("{FAE04EC0-301F-11D3-BF4B-00C04F79EFBC}") = "IndustryCodes", "IndustryCodes\IndustryCodes.csproj", "{10CF33F4-ED78-465D-9152-1AE27DEDC3E8}"
EndProject
Project("{00D1A9C2-B5F0-4AF3-8072-F6C62B433612}") = "IndustryCodes.Database", "IndustryCodes.Database\IndustryCodes.Database.sqlproj", "{9090E080-74CC-4F0E-8D55-BFBFDEC1FCA1}"
EndProject
Project("{FAE04EC0-301F-11D3-BF4B-00C04F79EFBC}") = "IndustryCodes.Database.Entities", "IndustryCodes.Database.Entities\IndustryCodes.Database.Entities.csproj", "{4A60CC2A-BBA6-4571-AC7B-C0821436009A}"
EndProject
Project("{FAE04EC0-301F-11D3-BF4B-00C04F79EFBC}") = "IndustryCodes.Utility", "IndustryCodes.Utility\IndustryCodes.Utility.csproj", "{A6EEC787-167C-4079-AC13-CA6A165CA3B3}"
EndProject
Global
	GlobalSection(SolutionConfigurationPlatforms) = preSolution
		Debug|Any CPU = Debug|Any CPU
		Debug|Mixed Platforms = Debug|Mixed Platforms
		Debug|Win32 = Debug|Win32
		Debug|x86 = Debug|x86
		Release MinDependency|Any CPU = Release MinDependency|Any CPU
		Release MinDependency|Mixed Platforms = Release MinDependency|Mixed Platforms
		Release MinDependency|Win32 = Release MinDependency|Win32
		Release MinDependency|x86 = Release MinDependency|x86
		Release MinSize|Any CPU = Release MinSize|Any CPU
		Release MinSize|Mixed Platforms = Release MinSize|Mixed Platforms
		Release MinSize|Win32 = Release MinSize|Win32
		Release MinSize|x86 = Release MinSize|x86
		Release|Any CPU = Release|Any CPU
		Release|Mixed Platforms = Release|Mixed Platforms
		Release|Win32 = Release|Win32
		Release|x86 = Release|x86
		Unicode Debug|Any CPU = Unicode Debug|Any CPU
		Unicode Debug|Mixed Platforms = Unicode Debug|Mixed Platforms
		Unicode Debug|Win32 = Unicode Debug|Win32
		Unicode Debug|x86 = Unicode Debug|x86
		Unicode Release MinDependency|Any CPU = Unicode Release MinDependency|Any CPU
		Unicode Release MinDependency|Mixed Platforms = Unicode Release MinDependency|Mixed Platforms
		Unicode Release MinDependency|Win32 = Unicode Release MinDependency|Win32
		Unicode Release MinDependency|x86 = Unicode Release MinDependency|x86
		Unicode Release MinSize|Any CPU = Unicode Release MinSize|Any CPU
		Unicode Release MinSize|Mixed Platforms = Unicode Release MinSize|Mixed Platforms
		Unicode Release MinSize|Win32 = Unicode Release MinSize|Win32
		Unicode Release MinSize|x86 = Unicode Release MinSize|x86
	EndGlobalSection
	GlobalSection(ProjectConfigurationPlatforms) = postSolution
		{10CF33F4-ED78-465D-9152-1AE27DEDC3E8}.Debug|Any CPU.ActiveCfg = Debug|Any CPU
		{10CF33F4-ED78-465D-9152-1AE27DEDC3E8}.Debug|Any CPU.Build.0 = Debug|Any CPU
		{10CF33F4-ED78-465D-9152-1AE27DEDC3E8}.Debug|Mixed Platforms.ActiveCfg = Debug|Any CPU
		{10CF33F4-ED78-465D-9152-1AE27DEDC3E8}.Debug|Mixed Platforms.Build.0 = Debug|Any CPU
		{10CF33F4-ED78-465D-9152-1AE27DEDC3E8}.Debug|Mixed Platforms.Deploy.0 = Debug|Any CPU
		{10CF33F4-ED78-465D-9152-1AE27DEDC3E8}.Debug|Win32.ActiveCfg = Debug|Any CPU
		{10CF33F4-ED78-465D-9152-1AE27DEDC3E8}.Debug|x86.ActiveCfg = Debug|Any CPU
		{10CF33F4-ED78-465D-9152-1AE27DEDC3E8}.Release MinDependency|Any CPU.ActiveCfg = Release|Any CPU
		{10CF33F4-ED78-465D-9152-1AE27DEDC3E8}.Release MinDependency|Mixed Platforms.ActiveCfg = Release|Any CPU
		{10CF33F4-ED78-465D-9152-1AE27DEDC3E8}.Release MinDependency|Win32.ActiveCfg = Release|Any CPU
		{10CF33F4-ED78-465D-9152-1AE27DEDC3E8}.Release MinDependency|x86.ActiveCfg = Release|Any CPU
		{10CF33F4-ED78-465D-9152-1AE27DEDC3E8}.Release MinSize|Any CPU.ActiveCfg = Release|Any CPU
		{10CF33F4-ED78-465D-9152-1AE27DEDC3E8}.Release MinSize|Mixed Platforms.ActiveCfg = Release|Any CPU
		{10CF33F4-ED78-465D-9152-1AE27DEDC3E8}.Release MinSize|Win32.ActiveCfg = Release|Any CPU
		{10CF33F4-ED78-465D-9152-1AE27DEDC3E8}.Release MinSize|x86.ActiveCfg = Release|Any CPU
		{10CF33F4-ED78-465D-9152-1AE27DEDC3E8}.Release|Any CPU.ActiveCfg = Release|Any CPU
		{10CF33F4-ED78-465D-9152-1AE27DEDC3E8}.Release|Any CPU.Build.0 = Release|Any CPU
		{10CF33F4-ED78-465D-9152-1AE27DEDC3E8}.Release|Mixed Platforms.ActiveCfg = Release|Any CPU
		{10CF33F4-ED78-465D-9152-1AE27DEDC3E8}.Release|Win32.ActiveCfg = Release|Any CPU
		{10CF33F4-ED78-465D-9152-1AE27DEDC3E8}.Release|x86.ActiveCfg = Release|Any CPU
		{10CF33F4-ED78-465D-9152-1AE27DEDC3E8}.Unicode Debug|Any CPU.ActiveCfg = Debug|Any CPU
		{10CF33F4-ED78-465D-9152-1AE27DEDC3E8}.Unicode Debug|Mixed Platforms.ActiveCfg = Debug|Any CPU
		{10CF33F4-ED78-465D-9152-1AE27DEDC3E8}.Unicode Debug|Win32.ActiveCfg = Debug|Any CPU
		{10CF33F4-ED78-465D-9152-1AE27DEDC3E8}.Unicode Debug|x86.ActiveCfg = Debug|Any CPU
		{10CF33F4-ED78-465D-9152-1AE27DEDC3E8}.Unicode Release MinDependency|Any CPU.ActiveCfg = Release|Any CPU
		{10CF33F4-ED78-465D-9152-1AE27DEDC3E8}.Unicode Release MinDependency|Mixed Platforms.ActiveCfg = Release|Any CPU
		{10CF33F4-ED78-465D-9152-1AE27DEDC3E8}.Unicode Release MinDependency|Win32.ActiveCfg = Release|Any CPU
		{10CF33F4-ED78-465D-9152-1AE27DEDC3E8}.Unicode Release MinDependency|x86.ActiveCfg = Release|Any CPU
		{10CF33F4-ED78-465D-9152-1AE27DEDC3E8}.Unicode Release MinSize|Any CPU.ActiveCfg = Release|Any CPU
		{10CF33F4-ED78-465D-9152-1AE27DEDC3E8}.Unicode Release MinSize|Mixed Platforms.ActiveCfg = Release|Any CPU
		{10CF33F4-ED78-465D-9152-1AE27DEDC3E8}.Unicode Release MinSize|Win32.ActiveCfg = Release|Any CPU
		{10CF33F4-ED78-465D-9152-1AE27DEDC3E8}.Unicode Release MinSize|x86.ActiveCfg = Release|Any CPU
		{9090E080-74CC-4F0E-8D55-BFBFDEC1FCA1}.Debug|Any CPU.ActiveCfg = Debug|Any CPU
		{9090E080-74CC-4F0E-8D55-BFBFDEC1FCA1}.Debug|Any CPU.Build.0 = Debug|Any CPU
		{9090E080-74CC-4F0E-8D55-BFBFDEC1FCA1}.Debug|Any CPU.Deploy.0 = Debug|Any CPU
		{9090E080-74CC-4F0E-8D55-BFBFDEC1FCA1}.Debug|Mixed Platforms.ActiveCfg = Debug|Any CPU
		{9090E080-74CC-4F0E-8D55-BFBFDEC1FCA1}.Debug|Mixed Platforms.Build.0 = Debug|Any CPU
		{9090E080-74CC-4F0E-8D55-BFBFDEC1FCA1}.Debug|Mixed Platforms.Deploy.0 = Debug|Any CPU
		{9090E080-74CC-4F0E-8D55-BFBFDEC1FCA1}.Debug|Win32.ActiveCfg = Debug|Any CPU
		{9090E080-74CC-4F0E-8D55-BFBFDEC1FCA1}.Debug|x86.ActiveCfg = Debug|Any CPU
		{9090E080-74CC-4F0E-8D55-BFBFDEC1FCA1}.Release MinDependency|Any CPU.ActiveCfg = Release|Any CPU
		{9090E080-74CC-4F0E-8D55-BFBFDEC1FCA1}.Release MinDependency|Any CPU.Build.0 = Release|Any CPU
		{9090E080-74CC-4F0E-8D55-BFBFDEC1FCA1}.Release MinDependency|Any CPU.Deploy.0 = Release|Any CPU
		{9090E080-74CC-4F0E-8D55-BFBFDEC1FCA1}.Release MinDependency|Mixed Platforms.ActiveCfg = Release|Any CPU
		{9090E080-74CC-4F0E-8D55-BFBFDEC1FCA1}.Release MinDependency|Mixed Platforms.Build.0 = Release|Any CPU
		{9090E080-74CC-4F0E-8D55-BFBFDEC1FCA1}.Release MinDependency|Mixed Platforms.Deploy.0 = Release|Any CPU
		{9090E080-74CC-4F0E-8D55-BFBFDEC1FCA1}.Release MinDependency|Win32.ActiveCfg = Release|Any CPU
		{9090E080-74CC-4F0E-8D55-BFBFDEC1FCA1}.Release MinDependency|x86.ActiveCfg = Release|Any CPU
		{9090E080-74CC-4F0E-8D55-BFBFDEC1FCA1}.Release MinSize|Any CPU.ActiveCfg = Release|Any CPU
		{9090E080-74CC-4F0E-8D55-BFBFDEC1FCA1}.Release MinSize|Any CPU.Build.0 = Release|Any CPU
		{9090E080-74CC-4F0E-8D55-BFBFDEC1FCA1}.Release MinSize|Any CPU.Deploy.0 = Release|Any CPU
		{9090E080-74CC-4F0E-8D55-BFBFDEC1FCA1}.Release MinSize|Mixed Platforms.ActiveCfg = Release|Any CPU
		{9090E080-74CC-4F0E-8D55-BFBFDEC1FCA1}.Release MinSize|Mixed Platforms.Build.0 = Release|Any CPU
		{9090E080-74CC-4F0E-8D55-BFBFDEC1FCA1}.Release MinSize|Mixed Platforms.Deploy.0 = Release|Any CPU
		{9090E080-74CC-4F0E-8D55-BFBFDEC1FCA1}.Release MinSize|Win32.ActiveCfg = Release|Any CPU
		{9090E080-74CC-4F0E-8D55-BFBFDEC1FCA1}.Release MinSize|x86.ActiveCfg = Release|Any CPU
		{9090E080-74CC-4F0E-8D55-BFBFDEC1FCA1}.Release|Any CPU.ActiveCfg = Release|Any CPU
		{9090E080-74CC-4F0E-8D55-BFBFDEC1FCA1}.Release|Any CPU.Build.0 = Release|Any CPU
		{9090E080-74CC-4F0E-8D55-BFBFDEC1FCA1}.Release|Any CPU.Deploy.0 = Release|Any CPU
		{9090E080-74CC-4F0E-8D55-BFBFDEC1FCA1}.Release|Mixed Platforms.ActiveCfg = Release|Any CPU
		{9090E080-74CC-4F0E-8D55-BFBFDEC1FCA1}.Release|Mixed Platforms.Build.0 = Release|Any CPU
		{9090E080-74CC-4F0E-8D55-BFBFDEC1FCA1}.Release|Mixed Platforms.Deploy.0 = Release|Any CPU
		{9090E080-74CC-4F0E-8D55-BFBFDEC1FCA1}.Release|Win32.ActiveCfg = Release|Any CPU
		{9090E080-74CC-4F0E-8D55-BFBFDEC1FCA1}.Release|x86.ActiveCfg = Release|Any CPU
		{9090E080-74CC-4F0E-8D55-BFBFDEC1FCA1}.Unicode Debug|Any CPU.ActiveCfg = Debug|Any CPU
		{9090E080-74CC-4F0E-8D55-BFBFDEC1FCA1}.Unicode Debug|Any CPU.Build.0 = Debug|Any CPU
		{9090E080-74CC-4F0E-8D55-BFBFDEC1FCA1}.Unicode Debug|Any CPU.Deploy.0 = Debug|Any CPU
		{9090E080-74CC-4F0E-8D55-BFBFDEC1FCA1}.Unicode Debug|Mixed Platforms.ActiveCfg = Debug|Any CPU
		{9090E080-74CC-4F0E-8D55-BFBFDEC1FCA1}.Unicode Debug|Mixed Platforms.Build.0 = Debug|Any CPU
		{9090E080-74CC-4F0E-8D55-BFBFDEC1FCA1}.Unicode Debug|Mixed Platforms.Deploy.0 = Debug|Any CPU
		{9090E080-74CC-4F0E-8D55-BFBFDEC1FCA1}.Unicode Debug|Win32.ActiveCfg = Debug|Any CPU
		{9090E080-74CC-4F0E-8D55-BFBFDEC1FCA1}.Unicode Debug|x86.ActiveCfg = Debug|Any CPU
		{9090E080-74CC-4F0E-8D55-BFBFDEC1FCA1}.Unicode Release MinDependency|Any CPU.ActiveCfg = Release|Any CPU
		{9090E080-74CC-4F0E-8D55-BFBFDEC1FCA1}.Unicode Release MinDependency|Any CPU.Build.0 = Release|Any CPU
		{9090E080-74CC-4F0E-8D55-BFBFDEC1FCA1}.Unicode Release MinDependency|Any CPU.Deploy.0 = Release|Any CPU
		{9090E080-74CC-4F0E-8D55-BFBFDEC1FCA1}.Unicode Release MinDependency|Mixed Platforms.ActiveCfg = Release|Any CPU
		{9090E080-74CC-4F0E-8D55-BFBFDEC1FCA1}.Unicode Release MinDependency|Mixed Platforms.Build.0 = Release|Any CPU
		{9090E080-74CC-4F0E-8D55-BFBFDEC1FCA1}.Unicode Release MinDependency|Mixed Platforms.Deploy.0 = Release|Any CPU
		{9090E080-74CC-4F0E-8D55-BFBFDEC1FCA1}.Unicode Release MinDependency|Win32.ActiveCfg = Release|Any CPU
		{9090E080-74CC-4F0E-8D55-BFBFDEC1FCA1}.Unicode Release MinDependency|x86.ActiveCfg = Release|Any CPU
		{9090E080-74CC-4F0E-8D55-BFBFDEC1FCA1}.Unicode Release MinSize|Any CPU.ActiveCfg = Release|Any CPU
		{9090E080-74CC-4F0E-8D55-BFBFDEC1FCA1}.Unicode Release MinSize|Any CPU.Build.0 = Release|Any CPU
		{9090E080-74CC-4F0E-8D55-BFBFDEC1FCA1}.Unicode Release MinSize|Any CPU.Deploy.0 = Release|Any CPU
		{9090E080-74CC-4F0E-8D55-BFBFDEC1FCA1}.Unicode Release MinSize|Mixed Platforms.ActiveCfg = Release|Any CPU
		{9090E080-74CC-4F0E-8D55-BFBFDEC1FCA1}.Unicode Release MinSize|Mixed Platforms.Build.0 = Release|Any CPU
		{9090E080-74CC-4F0E-8D55-BFBFDEC1FCA1}.Unicode Release MinSize|Mixed Platforms.Deploy.0 = Release|Any CPU
		{9090E080-74CC-4F0E-8D55-BFBFDEC1FCA1}.Unicode Release MinSize|Win32.ActiveCfg = Release|Any CPU
		{9090E080-74CC-4F0E-8D55-BFBFDEC1FCA1}.Unicode Release MinSize|x86.ActiveCfg = Release|Any CPU
		{4A60CC2A-BBA6-4571-AC7B-C0821436009A}.Debug|Any CPU.ActiveCfg = Debug|Any CPU
		{4A60CC2A-BBA6-4571-AC7B-C0821436009A}.Debug|Any CPU.Build.0 = Debug|Any CPU
		{4A60CC2A-BBA6-4571-AC7B-C0821436009A}.Debug|Mixed Platforms.ActiveCfg = Debug|Any CPU
		{4A60CC2A-BBA6-4571-AC7B-C0821436009A}.Debug|Mixed Platforms.Build.0 = Debug|Any CPU
		{4A60CC2A-BBA6-4571-AC7B-C0821436009A}.Debug|Win32.ActiveCfg = Debug|Any CPU
		{4A60CC2A-BBA6-4571-AC7B-C0821436009A}.Debug|x86.ActiveCfg = Debug|Any CPU
		{4A60CC2A-BBA6-4571-AC7B-C0821436009A}.Release MinDependency|Any CPU.ActiveCfg = Release|Any CPU
		{4A60CC2A-BBA6-4571-AC7B-C0821436009A}.Release MinDependency|Any CPU.Build.0 = Release|Any CPU
		{4A60CC2A-BBA6-4571-AC7B-C0821436009A}.Release MinDependency|Mixed Platforms.ActiveCfg = Release|Any CPU
		{4A60CC2A-BBA6-4571-AC7B-C0821436009A}.Release MinDependency|Mixed Platforms.Build.0 = Release|Any CPU
		{4A60CC2A-BBA6-4571-AC7B-C0821436009A}.Release MinDependency|Win32.ActiveCfg = Release|Any CPU
		{4A60CC2A-BBA6-4571-AC7B-C0821436009A}.Release MinDependency|x86.ActiveCfg = Release|Any CPU
		{4A60CC2A-BBA6-4571-AC7B-C0821436009A}.Release MinSize|Any CPU.ActiveCfg = Release|Any CPU
		{4A60CC2A-BBA6-4571-AC7B-C0821436009A}.Release MinSize|Any CPU.Build.0 = Release|Any CPU
		{4A60CC2A-BBA6-4571-AC7B-C0821436009A}.Release MinSize|Mixed Platforms.ActiveCfg = Release|Any CPU
		{4A60CC2A-BBA6-4571-AC7B-C0821436009A}.Release MinSize|Mixed Platforms.Build.0 = Release|Any CPU
		{4A60CC2A-BBA6-4571-AC7B-C0821436009A}.Release MinSize|Win32.ActiveCfg = Release|Any CPU
		{4A60CC2A-BBA6-4571-AC7B-C0821436009A}.Release MinSize|x86.ActiveCfg = Release|Any CPU
		{4A60CC2A-BBA6-4571-AC7B-C0821436009A}.Release|Any CPU.ActiveCfg = Release|Any CPU
		{4A60CC2A-BBA6-4571-AC7B-C0821436009A}.Release|Any CPU.Build.0 = Release|Any CPU
		{4A60CC2A-BBA6-4571-AC7B-C0821436009A}.Release|Mixed Platforms.ActiveCfg = Release|Any CPU
		{4A60CC2A-BBA6-4571-AC7B-C0821436009A}.Release|Mixed Platforms.Build.0 = Release|Any CPU
		{4A60CC2A-BBA6-4571-AC7B-C0821436009A}.Release|Win32.ActiveCfg = Release|Any CPU
		{4A60CC2A-BBA6-4571-AC7B-C0821436009A}.Release|x86.ActiveCfg = Release|Any CPU
		{4A60CC2A-BBA6-4571-AC7B-C0821436009A}.Unicode Debug|Any CPU.ActiveCfg = Debug|Any CPU
		{4A60CC2A-BBA6-4571-AC7B-C0821436009A}.Unicode Debug|Any CPU.Build.0 = Debug|Any CPU
		{4A60CC2A-BBA6-4571-AC7B-C0821436009A}.Unicode Debug|Mixed Platforms.ActiveCfg = Debug|Any CPU
		{4A60CC2A-BBA6-4571-AC7B-C0821436009A}.Unicode Debug|Mixed Platforms.Build.0 = Debug|Any CPU
		{4A60CC2A-BBA6-4571-AC7B-C0821436009A}.Unicode Debug|Win32.ActiveCfg = Debug|Any CPU
		{4A60CC2A-BBA6-4571-AC7B-C0821436009A}.Unicode Debug|x86.ActiveCfg = Debug|Any CPU
		{4A60CC2A-BBA6-4571-AC7B-C0821436009A}.Unicode Release MinDependency|Any CPU.ActiveCfg = Release|Any CPU
		{4A60CC2A-BBA6-4571-AC7B-C0821436009A}.Unicode Release MinDependency|Any CPU.Build.0 = Release|Any CPU
		{4A60CC2A-BBA6-4571-AC7B-C0821436009A}.Unicode Release MinDependency|Mixed Platforms.ActiveCfg = Release|Any CPU
		{4A60CC2A-BBA6-4571-AC7B-C0821436009A}.Unicode Release MinDependency|Mixed Platforms.Build.0 = Release|Any CPU
		{4A60CC2A-BBA6-4571-AC7B-C0821436009A}.Unicode Release MinDependency|Win32.ActiveCfg = Release|Any CPU
		{4A60CC2A-BBA6-4571-AC7B-C0821436009A}.Unicode Release MinDependency|x86.ActiveCfg = Release|Any CPU
		{4A60CC2A-BBA6-4571-AC7B-C0821436009A}.Unicode Release MinSize|Any CPU.ActiveCfg = Release|Any CPU
		{4A60CC2A-BBA6-4571-AC7B-C0821436009A}.Unicode Release MinSize|Any CPU.Build.0 = Release|Any CPU
		{4A60CC2A-BBA6-4571-AC7B-C0821436009A}.Unicode Release MinSize|Mixed Platforms.ActiveCfg = Release|Any CPU
		{4A60CC2A-BBA6-4571-AC7B-C0821436009A}.Unicode Release MinSize|Mixed Platforms.Build.0 = Release|Any CPU
		{4A60CC2A-BBA6-4571-AC7B-C0821436009A}.Unicode Release MinSize|Win32.ActiveCfg = Release|Any CPU
		{4A60CC2A-BBA6-4571-AC7B-C0821436009A}.Unicode Release MinSize|x86.ActiveCfg = Release|Any CPU
		{A6EEC787-167C-4079-AC13-CA6A165CA3B3}.Debug|Any CPU.ActiveCfg = Debug|Any CPU
		{A6EEC787-167C-4079-AC13-CA6A165CA3B3}.Debug|Any CPU.Build.0 = Debug|Any CPU
		{A6EEC787-167C-4079-AC13-CA6A165CA3B3}.Debug|Mixed Platforms.ActiveCfg = Debug|Any CPU
		{A6EEC787-167C-4079-AC13-CA6A165CA3B3}.Debug|Mixed Platforms.Build.0 = Debug|Any CPU
		{A6EEC787-167C-4079-AC13-CA6A165CA3B3}.Debug|Win32.ActiveCfg = Debug|Any CPU
		{A6EEC787-167C-4079-AC13-CA6A165CA3B3}.Debug|x86.ActiveCfg = Debug|Any CPU
		{A6EEC787-167C-4079-AC13-CA6A165CA3B3}.Release MinDependency|Any CPU.ActiveCfg = Release|Any CPU
		{A6EEC787-167C-4079-AC13-CA6A165CA3B3}.Release MinDependency|Any CPU.Build.0 = Release|Any CPU
		{A6EEC787-167C-4079-AC13-CA6A165CA3B3}.Release MinDependency|Mixed Platforms.ActiveCfg = Release|Any CPU
		{A6EEC787-167C-4079-AC13-CA6A165CA3B3}.Release MinDependency|Mixed Platforms.Build.0 = Release|Any CPU
		{A6EEC787-167C-4079-AC13-CA6A165CA3B3}.Release MinDependency|Win32.ActiveCfg = Release|Any CPU
		{A6EEC787-167C-4079-AC13-CA6A165CA3B3}.Release MinDependency|x86.ActiveCfg = Release|Any CPU
		{A6EEC787-167C-4079-AC13-CA6A165CA3B3}.Release MinSize|Any CPU.ActiveCfg = Release|Any CPU
		{A6EEC787-167C-4079-AC13-CA6A165CA3B3}.Release MinSize|Any CPU.Build.0 = Release|Any CPU
		{A6EEC787-167C-4079-AC13-CA6A165CA3B3}.Release MinSize|Mixed Platforms.ActiveCfg = Release|Any CPU
		{A6EEC787-167C-4079-AC13-CA6A165CA3B3}.Release MinSize|Mixed Platforms.Build.0 = Release|Any CPU
		{A6EEC787-167C-4079-AC13-CA6A165CA3B3}.Release MinSize|Win32.ActiveCfg = Release|Any CPU
		{A6EEC787-167C-4079-AC13-CA6A165CA3B3}.Release MinSize|x86.ActiveCfg = Release|Any CPU
		{A6EEC787-167C-4079-AC13-CA6A165CA3B3}.Release|Any CPU.ActiveCfg = Release|Any CPU
		{A6EEC787-167C-4079-AC13-CA6A165CA3B3}.Release|Any CPU.Build.0 = Release|Any CPU
		{A6EEC787-167C-4079-AC13-CA6A165CA3B3}.Release|Mixed Platforms.ActiveCfg = Release|Any CPU
		{A6EEC787-167C-4079-AC13-CA6A165CA3B3}.Release|Mixed Platforms.Build.0 = Release|Any CPU
		{A6EEC787-167C-4079-AC13-CA6A165CA3B3}.Release|Win32.ActiveCfg = Release|Any CPU
		{A6EEC787-167C-4079-AC13-CA6A165CA3B3}.Release|x86.ActiveCfg = Release|Any CPU
		{A6EEC787-167C-4079-AC13-CA6A165CA3B3}.Unicode Debug|Any CPU.ActiveCfg = Debug|Any CPU
		{A6EEC787-167C-4079-AC13-CA6A165CA3B3}.Unicode Debug|Any CPU.Build.0 = Debug|Any CPU
		{A6EEC787-167C-4079-AC13-CA6A165CA3B3}.Unicode Debug|Mixed Platforms.ActiveCfg = Debug|Any CPU
		{A6EEC787-167C-4079-AC13-CA6A165CA3B3}.Unicode Debug|Mixed Platforms.Build.0 = Debug|Any CPU
		{A6EEC787-167C-4079-AC13-CA6A165CA3B3}.Unicode Debug|Win32.ActiveCfg = Debug|Any CPU
		{A6EEC787-167C-4079-AC13-CA6A165CA3B3}.Unicode Debug|x86.ActiveCfg = Debug|Any CPU
		{A6EEC787-167C-4079-AC13-CA6A165CA3B3}.Unicode Release MinDependency|Any CPU.ActiveCfg = Release|Any CPU
		{A6EEC787-167C-4079-AC13-CA6A165CA3B3}.Unicode Release MinDependency|Any CPU.Build.0 = Release|Any CPU
		{A6EEC787-167C-4079-AC13-CA6A165CA3B3}.Unicode Release MinDependency|Mixed Platforms.ActiveCfg = Release|Any CPU
		{A6EEC787-167C-4079-AC13-CA6A165CA3B3}.Unicode Release MinDependency|Mixed Platforms.Build.0 = Release|Any CPU
		{A6EEC787-167C-4079-AC13-CA6A165CA3B3}.Unicode Release MinDependency|Win32.ActiveCfg = Release|Any CPU
		{A6EEC787-167C-4079-AC13-CA6A165CA3B3}.Unicode Release MinDependency|x86.ActiveCfg = Release|Any CPU
		{A6EEC787-167C-4079-AC13-CA6A165CA3B3}.Unicode Release MinSize|Any CPU.ActiveCfg = Release|Any CPU
		{A6EEC787-167C-4079-AC13-CA6A165CA3B3}.Unicode Release MinSize|Any CPU.Build.0 = Release|Any CPU
		{A6EEC787-167C-4079-AC13-CA6A165CA3B3}.Unicode Release MinSize|Mixed Platforms.ActiveCfg = Release|Any CPU
		{A6EEC787-167C-4079-AC13-CA6A165CA3B3}.Unicode Release MinSize|Mixed Platforms.Build.0 = Release|Any CPU
		{A6EEC787-167C-4079-AC13-CA6A165CA3B3}.Unicode Release MinSize|Win32.ActiveCfg = Release|Any CPU
		{A6EEC787-167C-4079-AC13-CA6A165CA3B3}.Unicode Release MinSize|x86.ActiveCfg = Release|Any CPU
	EndGlobalSection
	GlobalSection(SolutionProperties) = preSolution
		HideSolutionNode = FALSE
	EndGlobalSection
	GlobalSection(ExtensibilityGlobals) = postSolution
		SolutionGuid = {18399A48-0B51-4322-A903-236DAC5B16BA}
	EndGlobalSection
EndGlobal
